{
  "name": "test-public",
  "version": "1.0.0",
  "lockfileVersion": 2,
  "requires": true,
  "packages": {
    "": {
      "name": "test-public",
      "version": "1.0.0",
      "license": "ISC",
      "dependencies": {
        "test-private": "github:padget11/test-private"
      }
    },
    "node_modules/test-private": {
      "version": "1.0.0",
      "resolved": "git+ssh://git@github.com/padget11/test-private.git#840f350fa0aab41860bdae103a26e8fccf8730b5",
      "license": "ISC"
    }
  },
  "dependencies": {
    "test-private": {
      "version": "git+ssh://git@github.com/padget11/test-private.git#840f350fa0aab41860bdae103a26e8fccf8730b5",
      "from": "test-private@github:padget11/test-private"
    }
  }
}
